// !$*UTF8*$!
{
	archiveVersion = 1;
	classes = {
	};
	objectVersion = 56;
	objects = {

/* Begin PBXBuildFile section */
		497393F22B8E423500F8DDC0 /* RecipeEditorView.swift in Sources */ = {isa = PBXBuildFile; fileRef = 497393F12B8E423500F8DDC0 /* RecipeEditorView.swift */; };
		9206B3732B89F6CD000488A5 /* Alamofire in Frameworks */ = {isa = PBXBuildFile; productRef = 9206B3722B89F6CD000488A5 /* Alamofire */; };
		929473662B82519500E1C9F6 /* ApiNetworkManeger.swift in Sources */ = {isa = PBXBuildFile; fileRef = 929473652B82519500E1C9F6 /* ApiNetworkManeger.swift */; };
		929473A22B86839400E1C9F6 /* RecipeViewModel.swift in Sources */ = {isa = PBXBuildFile; fileRef = 929473A12B86839300E1C9F6 /* RecipeViewModel.swift */; };
		929CD4CA2B80ADCA00E0D595 /* Yummy_notesApp.swift in Sources */ = {isa = PBXBuildFile; fileRef = 929CD4C92B80ADCA00E0D595 /* Yummy_notesApp.swift */; };
		929CD4CC2B80ADCA00E0D595 /* ContentView.swift in Sources */ = {isa = PBXBuildFile; fileRef = 929CD4CB2B80ADCA00E0D595 /* ContentView.swift */; };
		929CD4CE2B80ADCC00E0D595 /* Assets.xcassets in Resources */ = {isa = PBXBuildFile; fileRef = 929CD4CD2B80ADCC00E0D595 /* Assets.xcassets */; };
		929CD4D12B80ADCC00E0D595 /* Preview Assets.xcassets in Resources */ = {isa = PBXBuildFile; fileRef = 929CD4D02B80ADCC00E0D595 /* Preview Assets.xcassets */; };
		92D976052B93D92D008F5801 /* Realm in Frameworks */ = {isa = PBXBuildFile; productRef = 92D976042B93D92D008F5801 /* Realm */; };
		92D976072B93D92D008F5801 /* RealmSwift in Frameworks */ = {isa = PBXBuildFile; productRef = 92D976062B93D92D008F5801 /* RealmSwift */; };
		92F8C30A2B810B0C004ADB64 /* RecipeDataSource.swift in Sources */ = {isa = PBXBuildFile; fileRef = 92F8C3072B810B0C004ADB64 /* RecipeDataSource.swift */; };
		92F8C30B2B810B0C004ADB64 /* RecipeScreenView.swift in Sources */ = {isa = PBXBuildFile; fileRef = 92F8C3082B810B0C004ADB64 /* RecipeScreenView.swift */; };
		92F8C3172B8158F2004ADB64 /* RecipeCell.swift in Sources */ = {isa = PBXBuildFile; fileRef = 92F8C3162B8158F2004ADB64 /* RecipeCell.swift */; };
/* End PBXBuildFile section */

/* Begin PBXFileReference section */
		497393F12B8E423500F8DDC0 /* RecipeEditorView.swift */ = {isa = PBXFileReference; lastKnownFileType = sourcecode.swift; path = RecipeEditorView.swift; sourceTree = "<group>"; };
		929473652B82519500E1C9F6 /* ApiNetworkManeger.swift */ = {isa = PBXFileReference; lastKnownFileType = sourcecode.swift; path = ApiNetworkManeger.swift; sourceTree = "<group>"; };
		929473A12B86839300E1C9F6 /* RecipeViewModel.swift */ = {isa = PBXFileReference; lastKnownFileType = sourcecode.swift; path = RecipeViewModel.swift; sourceTree = "<group>"; };
		929CD4C62B80ADCA00E0D595 /* Yummy notes.app */ = {isa = PBXFileReference; explicitFileType = wrapper.application; includeInIndex = 0; path = "Yummy notes.app"; sourceTree = BUILT_PRODUCTS_DIR; };
		929CD4C92B80ADCA00E0D595 /* Yummy_notesApp.swift */ = {isa = PBXFileReference; lastKnownFileType = sourcecode.swift; path = Yummy_notesApp.swift; sourceTree = "<group>"; };
		929CD4CB2B80ADCA00E0D595 /* ContentView.swift */ = {isa = PBXFileReference; lastKnownFileType = sourcecode.swift; path = ContentView.swift; sourceTree = "<group>"; };
		929CD4CD2B80ADCC00E0D595 /* Assets.xcassets */ = {isa = PBXFileReference; lastKnownFileType = folder.assetcatalog; path = Assets.xcassets; sourceTree = "<group>"; };
		929CD4D02B80ADCC00E0D595 /* Preview Assets.xcassets */ = {isa = PBXFileReference; lastKnownFileType = folder.assetcatalog; path = "Preview Assets.xcassets"; sourceTree = "<group>"; };
		92F8C3072B810B0C004ADB64 /* RecipeDataSource.swift */ = {isa = PBXFileReference; fileEncoding = 4; lastKnownFileType = sourcecode.swift; path = RecipeDataSource.swift; sourceTree = "<group>"; };
		92F8C3082B810B0C004ADB64 /* RecipeScreenView.swift */ = {isa = PBXFileReference; fileEncoding = 4; lastKnownFileType = sourcecode.swift; path = RecipeScreenView.swift; sourceTree = "<group>"; };
		92F8C3162B8158F2004ADB64 /* RecipeCell.swift */ = {isa = PBXFileReference; lastKnownFileType = sourcecode.swift; path = RecipeCell.swift; sourceTree = "<group>"; };
/* End PBXFileReference section */

/* Begin PBXFrameworksBuildPhase section */
		929CD4C32B80ADCA00E0D595 /* Frameworks */ = {
			isa = PBXFrameworksBuildPhase;
			buildActionMask = 2147483647;
			files = (
				92D976072B93D92D008F5801 /* RealmSwift in Frameworks */,
				92D976052B93D92D008F5801 /* Realm in Frameworks */,
				9206B3732B89F6CD000488A5 /* Alamofire in Frameworks */,
			);
			runOnlyForDeploymentPostprocessing = 0;
		};
/* End PBXFrameworksBuildPhase section */

/* Begin PBXGroup section */
		925675082B8BB19D00EDFD6F /* Presentation Layer */ = {
			isa = PBXGroup;
			children = (
				929CD4CB2B80ADCA00E0D595 /* ContentView.swift */,
				92F8C3162B8158F2004ADB64 /* RecipeCell.swift */,
				92F8C3082B810B0C004ADB64 /* RecipeScreenView.swift */,
				929473A12B86839300E1C9F6 /* RecipeViewModel.swift */,
				497393F12B8E423500F8DDC0 /* RecipeEditorView.swift */,
			);
			path = "Presentation Layer";
			sourceTree = "<group>";
		};
		925675092B8BB1D600EDFD6F /* Data Access Layer */ = {
			isa = PBXGroup;
			children = (
				92F8C3072B810B0C004ADB64 /* RecipeDataSource.swift */,
			);
			path = "Data Access Layer";
			sourceTree = "<group>";
		};
		9256750A2B8BB20400EDFD6F /* Domain Layer */ = {
			isa = PBXGroup;
			children = (
				929473652B82519500E1C9F6 /* ApiNetworkManeger.swift */,
			);
			path = "Domain Layer";
			sourceTree = "<group>";
		};
		929473722B86707200E1C9F6 /* Frameworks */ = {
			isa = PBXGroup;
			children = (
			);
			name = Frameworks;
			sourceTree = "<group>";
		};
		929CD4BD2B80ADCA00E0D595 = {
			isa = PBXGroup;
			children = (
				929CD4C82B80ADCA00E0D595 /* Yummy notes */,
				929CD4C72B80ADCA00E0D595 /* Products */,
				929473722B86707200E1C9F6 /* Frameworks */,
			);
			sourceTree = "<group>";
		};
		929CD4C72B80ADCA00E0D595 /* Products */ = {
			isa = PBXGroup;
			children = (
				929CD4C62B80ADCA00E0D595 /* Yummy notes.app */,
			);
			name = Products;
			sourceTree = "<group>";
		};
		929CD4C82B80ADCA00E0D595 /* Yummy notes */ = {
			isa = PBXGroup;
			children = (
				9256750A2B8BB20400EDFD6F /* Domain Layer */,
				925675092B8BB1D600EDFD6F /* Data Access Layer */,
				925675082B8BB19D00EDFD6F /* Presentation Layer */,
				929CD4C92B80ADCA00E0D595 /* Yummy_notesApp.swift */,
				929CD4CD2B80ADCC00E0D595 /* Assets.xcassets */,
				929CD4CF2B80ADCC00E0D595 /* Preview Content */,
			);
			path = "Yummy notes";
			sourceTree = "<group>";
		};
		929CD4CF2B80ADCC00E0D595 /* Preview Content */ = {
			isa = PBXGroup;
			children = (
				929CD4D02B80ADCC00E0D595 /* Preview Assets.xcassets */,
			);
			path = "Preview Content";
			sourceTree = "<group>";
		};
/* End PBXGroup section */

/* Begin PBXNativeTarget section */
		929CD4C52B80ADCA00E0D595 /* Yummy notes */ = {
			isa = PBXNativeTarget;
			buildConfigurationList = 929CD4D42B80ADCC00E0D595 /* Build configuration list for PBXNativeTarget "Yummy notes" */;
			buildPhases = (
				929CD4C22B80ADCA00E0D595 /* Sources */,
				929CD4C32B80ADCA00E0D595 /* Frameworks */,
				929CD4C42B80ADCA00E0D595 /* Resources */,
			);
			buildRules = (
			);
			dependencies = (
			);
			name = "Yummy notes";
			packageProductDependencies = (
				9206B3722B89F6CD000488A5 /* Alamofire */,
				92D976042B93D92D008F5801 /* Realm */,
				92D976062B93D92D008F5801 /* RealmSwift */,
			);
			productName = "Yummy notes";
			productReference = 929CD4C62B80ADCA00E0D595 /* Yummy notes.app */;
			productType = "com.apple.product-type.application";
		};
/* End PBXNativeTarget section */

/* Begin PBXProject section */
		929CD4BE2B80ADCA00E0D595 /* Project object */ = {
			isa = PBXProject;
			attributes = {
				BuildIndependentTargetsInParallel = 1;
				LastSwiftUpdateCheck = 1520;
				LastUpgradeCheck = 1520;
				TargetAttributes = {
					929CD4C52B80ADCA00E0D595 = {
						CreatedOnToolsVersion = 15.2;
					};
				};
			};
			buildConfigurationList = 929CD4C12B80ADCA00E0D595 /* Build configuration list for PBXProject "Yummy notes" */;
			compatibilityVersion = "Xcode 14.0";
			developmentRegion = en;
			hasScannedForEncodings = 0;
			knownRegions = (
				en,
				Base,
			);
			mainGroup = 929CD4BD2B80ADCA00E0D595;
			packageReferences = (
				9206B3712B89F6CD000488A5 /* XCRemoteSwiftPackageReference "Alamofire" */,
				92D976032B93D92C008F5801 /* XCRemoteSwiftPackageReference "realm-swift" */,
			);
			productRefGroup = 929CD4C72B80ADCA00E0D595 /* Products */;
			projectDirPath = "";
			projectRoot = "";
			targets = (
				929CD4C52B80ADCA00E0D595 /* Yummy notes */,
			);
		};
/* End PBXProject section */

/* Begin PBXResourcesBuildPhase section */
		929CD4C42B80ADCA00E0D595 /* Resources */ = {
			isa = PBXResourcesBuildPhase;
			buildActionMask = 2147483647;
			files = (
				929CD4D12B80ADCC00E0D595 /* Preview Assets.xcassets in Resources */,
				929CD4CE2B80ADCC00E0D595 /* Assets.xcassets in Resources */,
			);
			runOnlyForDeploymentPostprocessing = 0;
		};
/* End PBXResourcesBuildPhase section */

/* Begin PBXSourcesBuildPhase section */
		929CD4C22B80ADCA00E0D595 /* Sources */ = {
			isa = PBXSourcesBuildPhase;
			buildActionMask = 2147483647;
			files = (
				92F8C30A2B810B0C004ADB64 /* RecipeDataSource.swift in Sources */,
				92F8C30B2B810B0C004ADB64 /* RecipeScreenView.swift in Sources */,
				92F8C3172B8158F2004ADB64 /* RecipeCell.swift in Sources */,
				497393F22B8E423500F8DDC0 /* RecipeEditorView.swift in Sources */,
				929473A22B86839400E1C9F6 /* RecipeViewModel.swift in Sources */,
				929473662B82519500E1C9F6 /* ApiNetworkManeger.swift in Sources */,
				929CD4CC2B80ADCA00E0D595 /* ContentView.swift in Sources */,
				929CD4CA2B80ADCA00E0D595 /* Yummy_notesApp.swift in Sources */,
			);
			runOnlyForDeploymentPostprocessing = 0;
		};
/* End PBXSourcesBuildPhase section */

/* Begin XCBuildConfiguration section */
		929CD4D22B80ADCC00E0D595 /* Debug */ = {
			isa = XCBuildConfiguration;
			buildSettings = {
				ALWAYS_SEARCH_USER_PATHS = NO;
				ASSETCATALOG_COMPILER_GENERATE_SWIFT_ASSET_SYMBOL_EXTENSIONS = YES;
				CLANG_ANALYZER_NONNULL = YES;
				CLANG_ANALYZER_NUMBER_OBJECT_CONVERSION = YES_AGGRESSIVE;
				CLANG_CXX_LANGUAGE_STANDARD = "gnu++20";
				CLANG_ENABLE_MODULES = YES;
				CLANG_ENABLE_OBJC_ARC = YES;
				CLANG_ENABLE_OBJC_WEAK = YES;
				CLANG_WARN_BLOCK_CAPTURE_AUTORELEASING = YES;
				CLANG_WARN_BOOL_CONVERSION = YES;
				CLANG_WARN_COMMA = YES;
				CLANG_WARN_CONSTANT_CONVERSION = YES;
				CLANG_WARN_DEPRECATED_OBJC_IMPLEMENTATIONS = YES;
				CLANG_WARN_DIRECT_OBJC_ISA_USAGE = YES_ERROR;
				CLANG_WARN_DOCUMENTATION_COMMENTS = YES;
				CLANG_WARN_EMPTY_BODY = YES;
				CLANG_WARN_ENUM_CONVERSION = YES;
				CLANG_WARN_INFINITE_RECURSION = YES;
				CLANG_WARN_INT_CONVERSION = YES;
				CLANG_WARN_NON_LITERAL_NULL_CONVERSION = YES;
				CLANG_WARN_OBJC_IMPLICIT_RETAIN_SELF = YES;
				CLANG_WARN_OBJC_LITERAL_CONVERSION = YES;
				CLANG_WARN_OBJC_ROOT_CLASS = YES_ERROR;
				CLANG_WARN_QUOTED_INCLUDE_IN_FRAMEWORK_HEADER = YES;
				CLANG_WARN_RANGE_LOOP_ANALYSIS = YES;
				CLANG_WARN_STRICT_PROTOTYPES = YES;
				CLANG_WARN_SUSPICIOUS_MOVE = YES;
				CLANG_WARN_UNGUARDED_AVAILABILITY = YES_AGGRESSIVE;
				CLANG_WARN_UNREACHABLE_CODE = YES;
				CLANG_WARN__DUPLICATE_METHOD_MATCH = YES;
				COPY_PHASE_STRIP = NO;
				DEBUG_INFORMATION_FORMAT = dwarf;
				ENABLE_STRICT_OBJC_MSGSEND = YES;
				ENABLE_TESTABILITY = YES;
				ENABLE_USER_SCRIPT_SANDBOXING = YES;
				GCC_C_LANGUAGE_STANDARD = gnu17;
				GCC_DYNAMIC_NO_PIC = NO;
				GCC_NO_COMMON_BLOCKS = YES;
				GCC_OPTIMIZATION_LEVEL = 0;
				GCC_PREPROCESSOR_DEFINITIONS = (
					"DEBUG=1",
					"$(inherited)",
				);
				GCC_WARN_64_TO_32_BIT_CONVERSION = YES;
				GCC_WARN_ABOUT_RETURN_TYPE = YES_ERROR;
				GCC_WARN_UNDECLARED_SELECTOR = YES;
				GCC_WARN_UNINITIALIZED_AUTOS = YES_AGGRESSIVE;
				GCC_WARN_UNUSED_FUNCTION = YES;
				GCC_WARN_UNUSED_VARIABLE = YES;
				IPHONEOS_DEPLOYMENT_TARGET = 16.3;
				LOCALIZATION_PREFERS_STRING_CATALOGS = YES;
				MTL_ENABLE_DEBUG_INFO = INCLUDE_SOURCE;
				MTL_FAST_MATH = YES;
				ONLY_ACTIVE_ARCH = YES;
				SDKROOT = iphoneos;
				SWIFT_ACTIVE_COMPILATION_CONDITIONS = "DEBUG $(inherited)";
				SWIFT_OPTIMIZATION_LEVEL = "-Onone";
			};
			name = Debug;
		};
		929CD4D32B80ADCC00E0D595 /* Release */ = {
			isa = XCBuildConfiguration;
			buildSettings = {
				ALWAYS_SEARCH_USER_PATHS = NO;
				ASSETCATALOG_COMPILER_GENERATE_SWIFT_ASSET_SYMBOL_EXTENSIONS = YES;
				CLANG_ANALYZER_NONNULL = YES;
				CLANG_ANALYZER_NUMBER_OBJECT_CONVERSION = YES_AGGRESSIVE;
				CLANG_CXX_LANGUAGE_STANDARD = "gnu++20";
				CLANG_ENABLE_MODULES = YES;
				CLANG_ENABLE_OBJC_ARC = YES;
				CLANG_ENABLE_OBJC_WEAK = YES;
				CLANG_WARN_BLOCK_CAPTURE_AUTORELEASING = YES;
				CLANG_WARN_BOOL_CONVERSION = YES;
				CLANG_WARN_COMMA = YES;
				CLANG_WARN_CONSTANT_CONVERSION = YES;
				CLANG_WARN_DEPRECATED_OBJC_IMPLEMENTATIONS = YES;
				CLANG_WARN_DIRECT_OBJC_ISA_USAGE = YES_ERROR;
				CLANG_WARN_DOCUMENTATION_COMMENTS = YES;
				CLANG_WARN_EMPTY_BODY = YES;
				CLANG_WARN_ENUM_CONVERSION = YES;
				CLANG_WARN_INFINITE_RECURSION = YES;
				CLANG_WARN_INT_CONVERSION = YES;
				CLANG_WARN_NON_LITERAL_NULL_CONVERSION = YES;
				CLANG_WARN_OBJC_IMPLICIT_RETAIN_SELF = YES;
				CLANG_WARN_OBJC_LITERAL_CONVERSION = YES;
				CLANG_WARN_OBJC_ROOT_CLASS = YES_ERROR;
				CLANG_WARN_QUOTED_INCLUDE_IN_FRAMEWORK_HEADER = YES;
				CLANG_WARN_RANGE_LOOP_ANALYSIS = YES;
				CLANG_WARN_STRICT_PROTOTYPES = YES;
				CLANG_WARN_SUSPICIOUS_MOVE = YES;
				CLANG_WARN_UNGUARDED_AVAILABILITY = YES_AGGRESSIVE;
				CLANG_WARN_UNREACHABLE_CODE = YES;
				CLANG_WARN__DUPLICATE_METHOD_MATCH = YES;
				COPY_PHASE_STRIP = NO;
				DEBUG_INFORMATION_FORMAT = "dwarf-with-dsym";
				ENABLE_NS_ASSERTIONS = NO;
				ENABLE_STRICT_OBJC_MSGSEND = YES;
				ENABLE_USER_SCRIPT_SANDBOXING = YES;
				GCC_C_LANGUAGE_STANDARD = gnu17;
				GCC_NO_COMMON_BLOCKS = YES;
				GCC_WARN_64_TO_32_BIT_CONVERSION = YES;
				GCC_WARN_ABOUT_RETURN_TYPE = YES_ERROR;
				GCC_WARN_UNDECLARED_SELECTOR = YES;
				GCC_WARN_UNINITIALIZED_AUTOS = YES_AGGRESSIVE;
				GCC_WARN_UNUSED_FUNCTION = YES;
				GCC_WARN_UNUSED_VARIABLE = YES;
				IPHONEOS_DEPLOYMENT_TARGET = 16.3;
				LOCALIZATION_PREFERS_STRING_CATALOGS = YES;
				MTL_ENABLE_DEBUG_INFO = NO;
				MTL_FAST_MATH = YES;
				SDKROOT = iphoneos;
				SWIFT_COMPILATION_MODE = wholemodule;
				VALIDATE_PRODUCT = YES;
			};
			name = Release;
		};
		929CD4D52B80ADCC00E0D595 /* Debug */ = {
			isa = XCBuildConfiguration;
			buildSettings = {
				ASSETCATALOG_COMPILER_APPICON_NAME = AppIcon;
				ASSETCATALOG_COMPILER_GLOBAL_ACCENT_COLOR_NAME = AccentColor;
				CODE_SIGN_STYLE = Manual;
				CURRENT_PROJECT_VERSION = 1;
				DEVELOPMENT_ASSET_PATHS = "\"Yummy notes/Preview Content\"";
				DEVELOPMENT_TEAM = "";
				ENABLE_PREVIEWS = YES;
				GENERATE_INFOPLIST_FILE = YES;
				INFOPLIST_KEY_CFBundleDisplayName = "Yummy notes";
				INFOPLIST_KEY_LSApplicationCategoryType = "public.app-category.food-and-drink";
				INFOPLIST_KEY_UIApplicationSceneManifest_Generation = YES;
				INFOPLIST_KEY_UIApplicationSupportsIndirectInputEvents = YES;
				INFOPLIST_KEY_UILaunchScreen_Generation = YES;
				INFOPLIST_KEY_UIStatusBarStyle = UIStatusBarStyleDarkContent;
				INFOPLIST_KEY_UISupportedInterfaceOrientations_iPad = "UIInterfaceOrientationPortrait UIInterfaceOrientationPortraitUpsideDown UIInterfaceOrientationLandscapeLeft UIInterfaceOrientationLandscapeRight";
				INFOPLIST_KEY_UISupportedInterfaceOrientations_iPhone = "UIInterfaceOrientationPortrait UIInterfaceOrientationLandscapeLeft UIInterfaceOrientationLandscapeRight";
				IPHONEOS_DEPLOYMENT_TARGET = 17.0;
				LD_RUNPATH_SEARCH_PATHS = (
					"$(inherited)",
					"@executable_path/Frameworks",
				);
				MARKETING_VERSION = 1.1;
				PRODUCT_BUNDLE_IDENTIFIER = "School21.Yummy-notes";
				PRODUCT_NAME = "$(TARGET_NAME)";
				PROVISIONING_PROFILE_SPECIFIER = "";
				SUPPORTED_PLATFORMS = "iphoneos iphonesimulator";
				SUPPORTS_MACCATALYST = NO;
				SUPPORTS_XR_DESIGNED_FOR_IPHONE_IPAD = NO;
				SWIFT_EMIT_LOC_STRINGS = YES;
				SWIFT_VERSION = 5.0;
				TARGETED_DEVICE_FAMILY = 1;
			};
			name = Debug;
		};
		929CD4D62B80ADCC00E0D595 /* Release */ = {
			isa = XCBuildConfiguration;
			buildSettings = {
				ASSETCATALOG_COMPILER_APPICON_NAME = AppIcon;
				ASSETCATALOG_COMPILER_GLOBAL_ACCENT_COLOR_NAME = AccentColor;
				CODE_SIGN_STYLE = Manual;
				CURRENT_PROJECT_VERSION = 1;
				DEVELOPMENT_ASSET_PATHS = "\"Yummy notes/Preview Content\"";
				DEVELOPMENT_TEAM = "";
				ENABLE_PREVIEWS = YES;
				GENERATE_INFOPLIST_FILE = YES;
				INFOPLIST_KEY_CFBundleDisplayName = "Yummy notes";
				INFOPLIST_KEY_LSApplicationCategoryType = "public.app-category.food-and-drink";
				INFOPLIST_KEY_UIApplicationSceneManifest_Generation = YES;
				INFOPLIST_KEY_UIApplicationSupportsIndirectInputEvents = YES;
				INFOPLIST_KEY_UILaunchScreen_Generation = YES;
				INFOPLIST_KEY_UIStatusBarStyle = UIStatusBarStyleDarkContent;
				INFOPLIST_KEY_UISupportedInterfaceOrientations_iPad = "UIInterfaceOrientationPortrait UIInterfaceOrientationPortraitUpsideDown UIInterfaceOrientationLandscapeLeft UIInterfaceOrientationLandscapeRight";
				INFOPLIST_KEY_UISupportedInterfaceOrientations_iPhone = "UIInterfaceOrientationPortrait UIInterfaceOrientationLandscapeLeft UIInterfaceOrientationLandscapeRight";
				IPHONEOS_DEPLOYMENT_TARGET = 17.0;
				LD_RUNPATH_SEARCH_PATHS = (
					"$(inherited)",
					"@executable_path/Frameworks",
				);
				MARKETING_VERSION = 1.1;
				PRODUCT_BUNDLE_IDENTIFIER = "School21.Yummy-notes";
				PRODUCT_NAME = "$(TARGET_NAME)";
				PROVISIONING_PROFILE_SPECIFIER = "";
				SUPPORTED_PLATFORMS = "iphoneos iphonesimulator";
				SUPPORTS_MACCATALYST = NO;
				SUPPORTS_XR_DESIGNED_FOR_IPHONE_IPAD = NO;
				SWIFT_EMIT_LOC_STRINGS = YES;
				SWIFT_VERSION = 5.0;
				TARGETED_DEVICE_FAMILY = 1;
			};
			name = Release;
		};
/* End XCBuildConfiguration section */

/* Begin XCConfigurationList section */
		929CD4C12B80ADCA00E0D595 /* Build configuration list for PBXProject "Yummy notes" */ = {
			isa = XCConfigurationList;
			buildConfigurations = (
				929CD4D22B80ADCC00E0D595 /* Debug */,
				929CD4D32B80ADCC00E0D595 /* Release */,
			);
			defaultConfigurationIsVisible = 0;
			defaultConfigurationName = Release;
		};
		929CD4D42B80ADCC00E0D595 /* Build configuration list for PBXNativeTarget "Yummy notes" */ = {
			isa = XCConfigurationList;
			buildConfigurations = (
				929CD4D52B80ADCC00E0D595 /* Debug */,
				929CD4D62B80ADCC00E0D595 /* Release */,
			);
			defaultConfigurationIsVisible = 0;
			defaultConfigurationName = Release;
		};
/* End XCConfigurationList section */

/* Begin XCRemoteSwiftPackageReference section */
		9206B3712B89F6CD000488A5 /* XCRemoteSwiftPackageReference "Alamofire" */ = {
			isa = XCRemoteSwiftPackageReference;
			repositoryURL = "https://github.com/Alamofire/Alamofire";
			requirement = {
				kind = upToNextMajorVersion;
				minimumVersion = 5.8.1;
			};
		};
		92D976032B93D92C008F5801 /* XCRemoteSwiftPackageReference "realm-swift" */ = {
			isa = XCRemoteSwiftPackageReference;
			repositoryURL = "https://github.com/realm/realm-swift.git";
			requirement = {
				branch = master;
				kind = branch;
			};
		};
/* End XCRemoteSwiftPackageReference section */

/* Begin XCSwiftPackageProductDependency section */
		9206B3722B89F6CD000488A5 /* Alamofire */ = {
			isa = XCSwiftPackageProductDependency;
			package = 9206B3712B89F6CD000488A5 /* XCRemoteSwiftPackageReference "Alamofire" */;
			productName = Alamofire;
		};
		92D976042B93D92D008F5801 /* Realm */ = {
			isa = XCSwiftPackageProductDependency;
			package = 92D976032B93D92C008F5801 /* XCRemoteSwiftPackageReference "realm-swift" */;
			productName = Realm;
		};
		92D976062B93D92D008F5801 /* RealmSwift */ = {
			isa = XCSwiftPackageProductDependency;
			package = 92D976032B93D92C008F5801 /* XCRemoteSwiftPackageReference "realm-swift" */;
			productName = RealmSwift;
		};
/* End XCSwiftPackageProductDependency section */
	};
	rootObject = 929CD4BE2B80ADCA00E0D595 /* Project object */;
}
